
Microsoft Visual Studio Solution File, Format Version 12.00
# Visual Studio Version 16
VisualStudioVersion = 16.0.30611.23
MinimumVisualStudioVersion = 10.0.40219.1
Project("{FAE04EC0-301F-11D3-BF4B-00C04F79EFBC}") = "ServerConfigMtk-P2-028", "ServerConfigMtk-P2-028\ServerConfigMtk-P2-028.csproj", "{C6BE8D65-A6B3-46AB-9804-905AB74A5140}"
EndProject
Global
	GlobalSection(SolutionConfigurationPlatforms) = preSolution
		Debug|Any CPU = Debug|Any CPU
		Release|Any CPU = Release|Any CPU
	EndGlobalSection
	GlobalSection(ProjectConfigurationPlatforms) = postSolution
		{C6BE8D65-A6B3-46AB-9804-905AB74A5140}.Debug|Any CPU.ActiveCfg = Debug|Any CPU
		{C6BE8D65-A6B3-46AB-9804-905AB74A5140}.Debug|Any CPU.Build.0 = Debug|Any CPU
		{C6BE8D65-A6B3-46AB-9804-905AB74A5140}.Release|Any CPU.ActiveCfg = Release|Any CPU
		{C6BE8D65-A6B3-46AB-9804-905AB74A5140}.Release|Any CPU.Build.0 = Release|Any CPU
	EndGlobalSection
	GlobalSection(SolutionProperties) = preSolution
		HideSolutionNode = FALSE
	EndGlobalSection
	GlobalSection(ExtensibilityGlobals) = postSolution
		SolutionGuid = {E56325CC-B379-45C2-BF34-D97516B120F3}
	EndGlobalSection
EndGlobal
